{
  "version": 4,
  "terraform_version": "1.10.5",
  "serial": 8,
  "lineage": "5f19e6a4-7997-7a8f-8648-35a29f24d21c",
  "outputs": {
    "db_instance_identifier": {
      "value": "323ea719-2147-4293-b416-c9c93514012e",
      "type": "string"
    },
    "db_name": {
      "value": "YAKOVTSEVA_database",
      "type": "string"
    }
  },
  "resources": [
    {
      "mode": "data",
      "type": "vkcs_compute_flavor",
      "name": "mysql_flavor",
      "provider": "provider[\"registry.terraform.io/vk-cs/vkcs\"]",
      "instances": [
        {
          "schema_version": 0,
          "attributes": {
            "disk": 0,
            "extra_specs": {
              "agg_common": "true",
              "filter:icelake": "true",
              "hw:cpu_sockets": "1",
              "mcs:cpu_generation": "icelake-v1",
              "mcs:cpu_type": "standard"
            },
            "flavor_id": "2d9866a9-e955-4986-b00a-340ca54b2cac",
            "id": "2d9866a9-e955-4986-b00a-340ca54b2cac",
            "is_public": true,
            "min_disk": null,
            "min_ram": null,
            "name": "STD3-2-8",
            "ram": 8192,
            "region": null,
            "rx_tx_factor": 1,
            "swap": 0,
            "vcpus": 2
          },
          "sensitive_attributes": []
        }
      ]
    },
    {
      "mode": "data",
      "type": "vkcs_networking_network",
      "name": "external_network",
      "provider": "provider[\"registry.terraform.io/vk-cs/vkcs\"]",
      "instances": [
        {
          "schema_version": 0,
          "attributes": {
            "admin_state_up": "true",
            "all_tags": [
              "red"
            ],
            "description": "",
            "external": true,
            "id": "ec8c610e-6387-447e-83d2-d2c541e88164",
            "matching_subnet_cidr": null,
            "name": "internet",
            "network_id": "ec8c610e-6387-447e-83d2-d2c541e88164",
            "private_dns_domain": "",
            "region": "RegionOne",
            "sdn": "sprut",
            "shared": "true",
            "status": null,
            "subnets": [
              "09dad209-7765-4845-9fd1-d49f8ff0f66e",
              "0a0ac2d6-871b-4fbc-b408-298ccbed3f51",
              "0bf794b5-470c-4a01-be49-bbc2f849a88f",
              "1a8fc312-df60-438f-8946-635a138ef0cb",
              "1c623b92-146c-46a6-9ffd-fa69eb2239b7",
              "28085d45-65a7-4a37-b15f-55dffa9dcb7b",
              "2b017844-a61c-4087-8e74-cc6972f52a77",
              "2ea7332d-4ad2-4341-8bc5-76937d4894f4",
              "4516f4ad-3b84-402b-923a-88864bfa20b8",
              "4634d136-1553-45e0-9e00-49393022c5ac",
              "4675a124-2b97-4e75-8f23-82dc7d53c820",
              "4a6a7814-8ea3-402c-b0c7-333c332af113",
              "4bb55beb-0650-4d60-a3a0-8a38210440d7",
              "533a9238-075e-43b6-a3d0-dc1a4c1fe00d",
              "6a0246a8-a117-4725-a38c-7f93952e0994",
              "6ef2517a-2d28-43bd-9df2-ee70cafdc141",
              "72427904-ed22-4a74-b718-a33567991d44",
              "7b0efc8a-c181-4e02-9fb1-31fa4eecc693",
              "8210deff-3c76-4d53-b9b8-c83e0f8774c9",
              "8b39b012-cc62-4c74-ba00-41aa86733bcd",
              "94319a0a-80be-4a90-8312-58dc5c6ad373",
              "9434a136-e928-4fd4-816a-24016025fa10",
              "96ca0921-defc-4571-b5e1-38a9732a7093",
              "abdc8333-6aee-48e1-9936-ac44d36bfb1b",
              "b017f958-47c3-47f5-9b87-8f11b847d4c6",
              "b12dd40c-f688-4d97-9a2a-09858cbf2be8",
              "b1909020-40b7-42d7-b9fa-1824f08943cd",
              "b1afddc6-aee5-42ef-9381-029d2d4d9025",
              "b3899b8b-8fae-401b-8e8d-fc99dd404e9b",
              "b8a8d5d3-977b-46f4-82b2-dbff91c4fe6e",
              "bc0d91ec-1c4b-427b-97c8-7d645ccc506b",
              "c3a71dad-ebf8-467c-8375-9c6294a54859",
              "ce5f81a2-09c4-41cd-9372-1f75c39e5a49",
              "d1305dae-0d6e-4c9a-860c-b6a86f861530",
              "d16bbc0a-1d27-4315-bb59-bd8939e4bf02",
              "d3d27388-583c-4d6c-9f9e-b682b3b2a59e",
              "db5aaef4-7edf-4f93-9fab-e09c3ac2ffba",
              "e0a3358b-b37e-4e1e-b811-1d75c68f6390",
              "e45db33a-81e0-413f-a910-ac8e796ef3c6",
              "fd9e947b-d940-4af7-9579-33cbd08e5e37"
            ],
            "tags": null,
            "tenant_id": "9d013ed7c41e4bf38dd91f899e40185a",
            "vkcs_services_access": false
          },
          "sensitive_attributes": []
        }
      ]
    },
    {
      "mode": "managed",
      "type": "time_sleep",
      "name": "wait_for_mysql_ready",
      "provider": "provider[\"registry.terraform.io/hashicorp/time\"]",
      "instances": [
        {
          "schema_version": 0,
          "attributes": {
            "create_duration": "60s",
            "destroy_duration": null,
            "id": "2025-09-20T13:50:35Z",
            "triggers": null
          },
          "sensitive_attributes": [],
          "dependencies": [
            "data.vkcs_compute_flavor.mysql_flavor",
            "data.vkcs_networking_network.external_network",
            "vkcs_db_instance.mysql_instance",
            "vkcs_networking_network.yakovtseva_private_net",
            "vkcs_networking_router.yakovtseva_router",
            "vkcs_networking_router_interface.yakovtseva_router_if",
            "vkcs_networking_subnet.yakovtseva_private_subnet"
          ]
        }
      ]
    },
    {
      "mode": "managed",
      "type": "vkcs_db_database",
      "name": "test_database",
      "provider": "provider[\"registry.terraform.io/vk-cs/vkcs\"]",
      "instances": [
        {
          "schema_version": 0,
          "attributes": {
            "charset": null,
            "collate": null,
            "dbms_id": "323ea719-2147-4293-b416-c9c93514012e",
            "dbms_type": "instance",
            "id": "323ea719-2147-4293-b416-c9c93514012e/YAKOVTSEVA_database",
            "name": "YAKOVTSEVA_database",
            "timeouts": null,
            "vendor_options": []
          },
          "sensitive_attributes": [],
          "private": "eyJlMmJmYjczMC1lY2FhLTExZTYtOGY4OC0zNDM2M2JjN2M0YzAiOnsiY3JlYXRlIjo2MDAwMDAwMDAwMDAsImRlbGV0ZSI6NjAwMDAwMDAwMDAwfX0=",
          "dependencies": [
            "data.vkcs_compute_flavor.mysql_flavor",
            "data.vkcs_networking_network.external_network",
            "time_sleep.wait_for_mysql_ready",
            "vkcs_db_instance.mysql_instance",
            "vkcs_networking_network.yakovtseva_private_net",
            "vkcs_networking_router.yakovtseva_router",
            "vkcs_networking_router_interface.yakovtseva_router_if",
            "vkcs_networking_subnet.yakovtseva_private_subnet"
          ]
        }
      ]
    },
    {
      "mode": "managed",
      "type": "vkcs_db_instance",
      "name": "mysql_instance",
      "provider": "provider[\"registry.terraform.io/vk-cs/vkcs\"]",
      "instances": [
        {
          "schema_version": 0,
          "attributes": {
            "availability_zone": "ME1",
            "backup_schedule": [],
            "capabilities": [],
            "cloud_monitoring_enabled": null,
            "configuration_id": "",
            "datastore": [
              {
                "type": "mysql",
                "version": "8.0"
              }
            ],
            "disk_autoexpand": null,
            "flavor_id": "2d9866a9-e955-4986-b00a-340ca54b2cac",
            "floating_ip_enabled": true,
            "id": "323ea719-2147-4293-b416-c9c93514012e",
            "ip": [
              "37.139.41.191",
              "192.168.100.193"
            ],
            "keypair": null,
            "name": "YAKOVTSEVA-mysql",
            "network": [
              {
                "fixed_ip_v4": "",
                "port": "",
                "security_groups": null,
                "subnet_id": "",
                "uuid": "acdb6f78-44b0-4480-8296-52f0b2d5490d"
              }
            ],
            "region": "RegionOne",
            "replica_of": null,
            "restore_point": [],
            "root_enabled": null,
            "root_password": null,
            "size": 20,
            "timeouts": null,
            "vendor_options": [],
            "volume_type": "ceph-ssd",
            "wal_disk_autoexpand": [],
            "wal_volume": []
          },
          "sensitive_attributes": [
            [
              {
                "type": "get_attr",
                "value": "root_password"
              }
            ]
          ],
          "private": "eyJlMmJmYjczMC1lY2FhLTExZTYtOGY4OC0zNDM2M2JjN2M0YzAiOnsiY3JlYXRlIjoxODAwMDAwMDAwMDAwLCJkZWxldGUiOjE4MDAwMDAwMDAwMDB9fQ==",
          "dependencies": [
            "data.vkcs_compute_flavor.mysql_flavor",
            "data.vkcs_networking_network.external_network",
            "vkcs_networking_network.yakovtseva_private_net",
            "vkcs_networking_router.yakovtseva_router",
            "vkcs_networking_router_interface.yakovtseva_router_if",
            "vkcs_networking_subnet.yakovtseva_private_subnet"
          ]
        }
      ]
    },
    {
      "mode": "managed",
      "type": "vkcs_networking_network",
      "name": "yakovtseva_private_net",
      "provider": "provider[\"registry.terraform.io/vk-cs/vkcs\"]",
      "instances": [
        {
          "schema_version": 0,
          "attributes": {
            "admin_state_up": true,
            "all_tags": [],
            "description": "",
            "id": "acdb6f78-44b0-4480-8296-52f0b2d5490d",
            "name": "yakovtseva-db-net",
            "port_security_enabled": true,
            "private_dns_domain": "mcs.local.",
            "region": "RegionOne",
            "sdn": "sprut",
            "tags": null,
            "timeouts": null,
            "value_specs": null,
            "vkcs_services_access": false
          },
          "sensitive_attributes": [],
          "private": "eyJlMmJmYjczMC1lY2FhLTExZTYtOGY4OC0zNDM2M2JjN2M0YzAiOnsiY3JlYXRlIjo2MDAwMDAwMDAwMDAsImRlbGV0ZSI6NjAwMDAwMDAwMDAwfX0="
        }
      ]
    },
    {
      "mode": "managed",
      "type": "vkcs_networking_router",
      "name": "yakovtseva_router",
      "provider": "provider[\"registry.terraform.io/vk-cs/vkcs\"]",
      "instances": [
        {
          "schema_version": 0,
          "attributes": {
            "admin_state_up": true,
            "all_tags": [],
            "description": "",
            "external_fixed_ips": [
              {
                "ip_address": "146.185.209.3",
                "subnet_id": "28085d45-65a7-4a37-b15f-55dffa9dcb7b"
              }
            ],
            "external_network_id": "ec8c610e-6387-447e-83d2-d2c541e88164",
            "id": "951474b1-8057-4789-9d89-c78d9f4cab04",
            "name": "yakovtseva-router",
            "region": "RegionOne",
            "sdn": "sprut",
            "tags": null,
            "timeouts": null,
            "value_specs": null,
            "vendor_options": []
          },
          "sensitive_attributes": [],
          "private": "eyJlMmJmYjczMC1lY2FhLTExZTYtOGY4OC0zNDM2M2JjN2M0YzAiOnsiY3JlYXRlIjo2MDAwMDAwMDAwMDAsImRlbGV0ZSI6NjAwMDAwMDAwMDAwfX0=",
          "dependencies": [
            "data.vkcs_networking_network.external_network"
          ]
        }
      ]
    },
    {
      "mode": "managed",
      "type": "vkcs_networking_router_interface",
      "name": "yakovtseva_router_if",
      "provider": "provider[\"registry.terraform.io/vk-cs/vkcs\"]",
      "instances": [
        {
          "schema_version": 0,
          "attributes": {
            "id": "99801d7a-3b8e-4168-8ce9-17e546c46b9d",
            "port_id": "99801d7a-3b8e-4168-8ce9-17e546c46b9d",
            "region": "RegionOne",
            "router_id": "951474b1-8057-4789-9d89-c78d9f4cab04",
            "sdn": "sprut",
            "subnet_id": "434a9084-8264-4b41-a758-19516dd1b0c8",
            "timeouts": null
          },
          "sensitive_attributes": [],
          "private": "eyJlMmJmYjczMC1lY2FhLTExZTYtOGY4OC0zNDM2M2JjN2M0YzAiOnsiY3JlYXRlIjo2MDAwMDAwMDAwMDAsImRlbGV0ZSI6NjAwMDAwMDAwMDAwfX0=",
          "dependencies": [
            "data.vkcs_networking_network.external_network",
            "vkcs_networking_network.yakovtseva_private_net",
            "vkcs_networking_router.yakovtseva_router",
            "vkcs_networking_subnet.yakovtseva_private_subnet"
          ]
        }
      ]
    },
    {
      "mode": "managed",
      "type": "vkcs_networking_subnet",
      "name": "yakovtseva_private_subnet",
      "provider": "provider[\"registry.terraform.io/vk-cs/vkcs\"]",
      "instances": [
        {
          "schema_version": 0,
          "attributes": {
            "all_tags": [],
            "allocation_pool": [
              {
                "end": "192.168.100.128",
                "start": "192.168.100.1"
              },
              {
                "end": "192.168.100.254",
                "start": "192.168.100.130"
              }
            ],
            "cidr": "192.168.100.0/24",
            "description": "",
            "dns_nameservers": [
              "8.8.8.8",
              "1.1.1.1"
            ],
            "enable_dhcp": true,
            "gateway_ip": "192.168.100.129",
            "id": "434a9084-8264-4b41-a758-19516dd1b0c8",
            "name": "yakovtseva-db-subnet",
            "network_id": "acdb6f78-44b0-4480-8296-52f0b2d5490d",
            "no_gateway": false,
            "prefix_length": null,
            "region": "RegionOne",
            "sdn": "sprut",
            "subnetpool_id": "",
            "tags": null,
            "timeouts": null,
            "value_specs": null
          },
          "sensitive_attributes": [],
          "private": "eyJlMmJmYjczMC1lY2FhLTExZTYtOGY4OC0zNDM2M2JjN2M0YzAiOnsiY3JlYXRlIjo2MDAwMDAwMDAwMDAsImRlbGV0ZSI6NjAwMDAwMDAwMDAwfX0=",
          "dependencies": [
            "vkcs_networking_network.yakovtseva_private_net"
          ]
        }
      ]
    }
  ],
  "check_results": null
}
